
Microsoft Visual Studio Solution File, Format Version 12.00
# Visual Studio Version 16
VisualStudioVersion = 16.0.30225.117
MinimumVisualStudioVersion = 10.0.40219.1
Project("{FAE04EC0-301F-11D3-BF4B-00C04F79EFBC}") = "Xadrez_Console", "Xadrez_Console\Xadrez_Console.csproj", "{883E4896-4504-4FAA-89A5-420D5EE2042D}"
EndProject
Global
	GlobalSection(SolutionConfigurationPlatforms) = preSolution
		Debug|Any CPU = Debug|Any CPU
		Release|Any CPU = Release|Any CPU
	EndGlobalSection
	GlobalSection(ProjectConfigurationPlatforms) = postSolution
		{883E4896-4504-4FAA-89A5-420D5EE2042D}.Debug|Any CPU.ActiveCfg = Debug|Any CPU
		{883E4896-4504-4FAA-89A5-420D5EE2042D}.Debug|Any CPU.Build.0 = Debug|Any CPU
		{883E4896-4504-4FAA-89A5-420D5EE2042D}.Release|Any CPU.ActiveCfg = Release|Any CPU
		{883E4896-4504-4FAA-89A5-420D5EE2042D}.Release|Any CPU.Build.0 = Release|Any CPU
	EndGlobalSection
	GlobalSection(SolutionProperties) = preSolution
		HideSolutionNode = FALSE
	EndGlobalSection
	GlobalSection(ExtensibilityGlobals) = postSolution
		SolutionGuid = {2B6A70B8-3EC0-4FBD-B1E3-AC0D6F0A1D3D}
	EndGlobalSection
EndGlobal
